<?xml version="1.0" encoding="utf-8"?>
<Project ToolsVersion="4.0" xmlns="http://schemas.microsoft.com/developer/msbuild/2003">
  <ItemGroup>
    <Filter Include="ソース ファイル">
      <UniqueIdentifier>{4FC737F1-C7A5-4376-A066-2A32D752A2FF}</UniqueIdentifier>
      <Extensions>cpp;c;cc;cxx;c++;cppm;ixx;def;odl;idl;hpj;bat;asm;asmx</Extensions>
    </Filter>
    <Filter Include="ヘッダー ファイル">
      <UniqueIdentifier>{93995380-89BD-4b04-88EB-625FBE52EBFB}</UniqueIdentifier>
      <Extensions>h;hh;hpp;hxx;h++;hm;inl;inc;ipp;xsd</Extensions>
    </Filter>
    <Filter Include="リソース ファイル">
      <UniqueIdentifier>{67DA6AB6-F800-4c08-8B7A-83BB121AAD01}</UniqueIdentifier>
      <Extensions>rc;ico;cur;bmp;dlg;rc2;rct;bin;rgs;gif;jpg;jpeg;jpe;resx;tiff;tif;png;wav;mfcribbon-ms</Extensions>
    </Filter>
    <Filter Include="ソース ファイル\シーン関連">
      <UniqueIdentifier>{a5b22bc4-b0ba-4fe8-adfb-f1cfc96a3aad}</UniqueIdentifier>
    </Filter>
    <Filter Include="ヘッダー ファイル\シーン関連">
      <UniqueIdentifier>{45138b80-cf28-4759-ac7e-f3f28d58e7d4}</UniqueIdentifier>
    </Filter>
    <Filter Include="Helper">
      <UniqueIdentifier>{e6fee53c-c91a-4bc1-a3ac-ced2dfff326f}</UniqueIdentifier>
    </Filter>
    <Filter Include="ソース ファイル\子供関連">
      <UniqueIdentifier>{37b98448-97ea-43ca-aa52-2ddaf15e9ec8}</UniqueIdentifier>
    </Filter>
    <Filter Include="ヘッダー ファイル\子供関連">
      <UniqueIdentifier>{174347a3-d957-42e7-b3f7-dd8f46037cec}</UniqueIdentifier>
    </Filter>
  </ItemGroup>
  <ItemGroup>
    <ClCompile Include="main.cpp">
      <Filter>ソース ファイル</Filter>
    </ClCompile>
    <ClCompile Include="Player.cpp">
      <Filter>ソース ファイル</Filter>
    </ClCompile>
    <ClCompile Include="Scene\TitleScene.cpp">
      <Filter>ソース ファイル\シーン関連</Filter>
    </ClCompile>
    <ClCompile Include="Scene\SceneManager.cpp">
      <Filter>ソース ファイル\シーン関連</Filter>
    </ClCompile>
    <ClCompile Include="Scene\PlayScene.cpp">
      <Filter>ソース ファイル\シーン関連</Filter>
    </ClCompile>
    <ClCompile Include="Scene\ResultScene.cpp">
      <Filter>ソース ファイル\シーン関連</Filter>
    </ClCompile>
    <ClCompile Include="Scene\BaseScene.cpp">
      <Filter>ソース ファイル\シーン関連</Filter>
    </ClCompile>
    <ClCompile Include="Scene\SceneChanger.cpp">
      <Filter>ソース ファイル\シーン関連</Filter>
    </ClCompile>
    <ClCompile Include="Helper\Easing.cpp">
      <Filter>Helper</Filter>
    </ClCompile>
    <ClCompile Include="Helper\Helper.cpp">
      <Filter>Helper</Filter>
    </ClCompile>
    <ClCompile Include="Children.cpp">
      <Filter>ソース ファイル\子供関連</Filter>
    </ClCompile>
    <ClCompile Include="Chara\Cannon.cpp">
      <Filter>ソース ファイル\子供関連</Filter>
    </ClCompile>
  </ItemGroup>
  <ItemGroup>
    <ClInclude Include="Player.h">
      <Filter>ヘッダー ファイル</Filter>
    </ClInclude>
    <ClInclude Include="Scene\BaseScene.h">
      <Filter>ヘッダー ファイル\シーン関連</Filter>
    </ClInclude>
    <ClInclude Include="Scene\TitleScene.h">
      <Filter>ヘッダー ファイル\シーン関連</Filter>
    </ClInclude>
    <ClInclude Include="Scene\PlayScene.h">
      <Filter>ヘッダー ファイル\シーン関連</Filter>
    </ClInclude>
    <ClInclude Include="Scene\SceneManager.h">
      <Filter>ヘッダー ファイル\シーン関連</Filter>
    </ClInclude>
    <ClInclude Include="Sound.h">
      <Filter>ヘッダー ファイル</Filter>
    </ClInclude>
    <ClInclude Include="Scene\ResultScene.h">
      <Filter>ヘッダー ファイル\シーン関連</Filter>
    </ClInclude>
    <ClInclude Include="Scene\SceneChanger.h">
      <Filter>ヘッダー ファイル\シーン関連</Filter>
    </ClInclude>
    <ClInclude Include="Helper\Easing.h">
      <Filter>Helper</Filter>
    </ClInclude>
    <ClInclude Include="Helper\Helper.h">
      <Filter>Helper</Filter>
    </ClInclude>
    <ClInclude Include="Children.h">
      <Filter>ヘッダー ファイル\子供関連</Filter>
    </ClInclude>
    <ClInclude Include="Chara\Cannon.h">
      <Filter>ヘッダー ファイル\子供関連</Filter>
    </ClInclude>
  </ItemGroup>
</Project>